
Microsoft Visual Studio Solution File, Format Version 12.00
# Visual Studio Version 16
VisualStudioVersion = 16.0.31402.337
MinimumVisualStudioVersion = 10.0.40219.1
Project("{9A19103F-16F7-4668-BE54-9A1E7A4F7556}") = "Ex_SaidadeDados", "Ex_SaidadeDados.csproj", "{BDF440C1-3B39-49CA-94E2-D5A070ECFF32}"
EndProject
Project("{9A19103F-16F7-4668-BE54-9A1E7A4F7556}") = "Ex_EntradadeDados", "..\Ex_EntradadeDados\Ex_EntradadeDados.csproj", "{5E668E8B-15E0-4443-9102-0A86A97A550F}"
EndProject
Project("{9A19103F-16F7-4668-BE54-9A1E7A4F7556}") = "Lista1Ex1", "..\Lista1\Lista1Ex1.csproj", "{C45CC2E0-ED08-47DE-B8C0-D899B1030333}"
EndProject
Project("{2150E333-8FDC-42A3-9474-1A3956D46DE8}") = "Lst1", "Lst1", "{DB69E0CD-EEBD-4D47-9FA2-177C14CE1206}"
EndProject
Project("{9A19103F-16F7-4668-BE54-9A1E7A4F7556}") = "Lista1Ex2", "..\Lista1Ex2\Lista1Ex2.csproj", "{42B8CA03-75CC-4AF7-8B12-B3AD1687ABA4}"
EndProject
Project("{9A19103F-16F7-4668-BE54-9A1E7A4F7556}") = "Lista1Ex3", "..\Lista1Ex3\Lista1Ex3.csproj", "{FBFC8ED5-1392-457E-9B72-D30F8C1422FC}"
EndProject
Project("{9A19103F-16F7-4668-BE54-9A1E7A4F7556}") = "Lista1Ex4", "..\Lista1Ex4\Lista1Ex4.csproj", "{3D7AA91B-C902-447B-AE89-B7E998AD2C59}"
EndProject
Project("{2150E333-8FDC-42A3-9474-1A3956D46DE8}") = "Secao04", "Secao04", "{B1AA6DFE-5764-4833-A848-C64329EFDD58}"
EndProject
Project("{9A19103F-16F7-4668-BE54-9A1E7A4F7556}") = "Ex01", "..\Ex01\Ex01.csproj", "{0F7B3A77-EB19-4E47-BC2E-BF57989AD71C}"
EndProject
Project("{9A19103F-16F7-4668-BE54-9A1E7A4F7556}") = "Ex02", "..\Ex02\Ex02.csproj", "{165C6E54-3B6A-4765-A3CD-9D04019FB6FF}"
EndProject
Project("{9A19103F-16F7-4668-BE54-9A1E7A4F7556}") = "Ex03", "..\Ex03\Ex03.csproj", "{9205A950-1CE4-47CD-BDFF-82C4722F1156}"
EndProject
Project("{9A19103F-16F7-4668-BE54-9A1E7A4F7556}") = "Ex04", "..\Ex04\Ex04.csproj", "{C512B15C-6B5C-467F-9D5F-D30FDDC310E0}"
EndProject
Project("{9A19103F-16F7-4668-BE54-9A1E7A4F7556}") = "Ex05", "..\Ex05\Ex05.csproj", "{8C55B0B6-B613-40B7-9A83-CCD3E02EC0EB}"
EndProject
Project("{9A19103F-16F7-4668-BE54-9A1E7A4F7556}") = "Ex06", "..\Ex06\Ex06.csproj", "{A827A8C0-D458-482E-933C-F6A1AA5F72F2}"
EndProject
Project("{9A19103F-16F7-4668-BE54-9A1E7A4F7556}") = "Ex07", "..\Ex07\Ex07.csproj", "{155AE9FF-1237-4177-9210-EBBBA54C06D1}"
EndProject
Project("{2150E333-8FDC-42A3-9474-1A3956D46DE8}") = "Secao05", "Secao05", "{EAE4627D-602D-4F0C-8C3C-7CA30B95DBF8}"
EndProject
Project("{9A19103F-16F7-4668-BE54-9A1E7A4F7556}") = "S05_Ex01", "..\S05_Ex01\S05_Ex01.csproj", "{6EFA33E2-1717-407E-9B93-BF1738306FA0}"
EndProject
Project("{2150E333-8FDC-42A3-9474-1A3956D46DE8}") = "Secao03", "Secao03", "{0D40CA57-EECB-4F16-A1C5-20BDE840C7EA}"
EndProject
Project("{2150E333-8FDC-42A3-9474-1A3956D46DE8}") = "Secao06", "Secao06", "{92FB85BE-BF90-4F2B-8466-E7FE213B56AE}"
EndProject
Project("{9A19103F-16F7-4668-BE54-9A1E7A4F7556}") = "Sec06Ex01", "..\Sec06Ex01\Sec06Ex01.csproj", "{57F41024-303F-4EF1-87D8-44237BF56180}"
EndProject
Project("{9A19103F-16F7-4668-BE54-9A1E7A4F7556}") = "Sec06Ex02", "..\Sec06Ex02\Sec06Ex02.csproj", "{E88A1BDF-7DEA-42FF-93AD-F452443EA557}"
EndProject
Project("{FAE04EC0-301F-11D3-BF4B-00C04F79EFBC}") = "Sec06Ex03", "..\Sec06Ex03\Sec06Ex03.csproj", "{0498E135-06C9-484F-A712-4F9ADEF351C2}"
EndProject
Project("{FAE04EC0-301F-11D3-BF4B-00C04F79EFBC}") = "Sec06Ex04", "..\Sec06Ex04\Sec06Ex04.csproj", "{02F263B3-BAB0-4CF3-B5FB-12078BEE64C5}"
EndProject
Global
	GlobalSection(SolutionConfigurationPlatforms) = preSolution
		Debug|Any CPU = Debug|Any CPU
		Release|Any CPU = Release|Any CPU
	EndGlobalSection
	GlobalSection(ProjectConfigurationPlatforms) = postSolution
		{BDF440C1-3B39-49CA-94E2-D5A070ECFF32}.Debug|Any CPU.ActiveCfg = Debug|Any CPU
		{BDF440C1-3B39-49CA-94E2-D5A070ECFF32}.Debug|Any CPU.Build.0 = Debug|Any CPU
		{BDF440C1-3B39-49CA-94E2-D5A070ECFF32}.Release|Any CPU.ActiveCfg = Release|Any CPU
		{BDF440C1-3B39-49CA-94E2-D5A070ECFF32}.Release|Any CPU.Build.0 = Release|Any CPU
		{5E668E8B-15E0-4443-9102-0A86A97A550F}.Debug|Any CPU.ActiveCfg = Debug|Any CPU
		{5E668E8B-15E0-4443-9102-0A86A97A550F}.Debug|Any CPU.Build.0 = Debug|Any CPU
		{5E668E8B-15E0-4443-9102-0A86A97A550F}.Release|Any CPU.ActiveCfg = Release|Any CPU
		{5E668E8B-15E0-4443-9102-0A86A97A550F}.Release|Any CPU.Build.0 = Release|Any CPU
		{C45CC2E0-ED08-47DE-B8C0-D899B1030333}.Debug|Any CPU.ActiveCfg = Debug|Any CPU
		{C45CC2E0-ED08-47DE-B8C0-D899B1030333}.Debug|Any CPU.Build.0 = Debug|Any CPU
		{C45CC2E0-ED08-47DE-B8C0-D899B1030333}.Release|Any CPU.ActiveCfg = Release|Any CPU
		{C45CC2E0-ED08-47DE-B8C0-D899B1030333}.Release|Any CPU.Build.0 = Release|Any CPU
		{42B8CA03-75CC-4AF7-8B12-B3AD1687ABA4}.Debug|Any CPU.ActiveCfg = Debug|Any CPU
		{42B8CA03-75CC-4AF7-8B12-B3AD1687ABA4}.Debug|Any CPU.Build.0 = Debug|Any CPU
		{42B8CA03-75CC-4AF7-8B12-B3AD1687ABA4}.Release|Any CPU.ActiveCfg = Release|Any CPU
		{42B8CA03-75CC-4AF7-8B12-B3AD1687ABA4}.Release|Any CPU.Build.0 = Release|Any CPU
		{FBFC8ED5-1392-457E-9B72-D30F8C1422FC}.Debug|Any CPU.ActiveCfg = Debug|Any CPU
		{FBFC8ED5-1392-457E-9B72-D30F8C1422FC}.Debug|Any CPU.Build.0 = Debug|Any CPU
		{FBFC8ED5-1392-457E-9B72-D30F8C1422FC}.Release|Any CPU.ActiveCfg = Release|Any CPU
		{FBFC8ED5-1392-457E-9B72-D30F8C1422FC}.Release|Any CPU.Build.0 = Release|Any CPU
		{3D7AA91B-C902-447B-AE89-B7E998AD2C59}.Debug|Any CPU.ActiveCfg = Debug|Any CPU
		{3D7AA91B-C902-447B-AE89-B7E998AD2C59}.Debug|Any CPU.Build.0 = Debug|Any CPU
		{3D7AA91B-C902-447B-AE89-B7E998AD2C59}.Release|Any CPU.ActiveCfg = Release|Any CPU
		{3D7AA91B-C902-447B-AE89-B7E998AD2C59}.Release|Any CPU.Build.0 = Release|Any CPU
		{0F7B3A77-EB19-4E47-BC2E-BF57989AD71C}.Debug|Any CPU.ActiveCfg = Debug|Any CPU
		{0F7B3A77-EB19-4E47-BC2E-BF57989AD71C}.Debug|Any CPU.Build.0 = Debug|Any CPU
		{0F7B3A77-EB19-4E47-BC2E-BF57989AD71C}.Release|Any CPU.ActiveCfg = Release|Any CPU
		{0F7B3A77-EB19-4E47-BC2E-BF57989AD71C}.Release|Any CPU.Build.0 = Release|Any CPU
		{165C6E54-3B6A-4765-A3CD-9D04019FB6FF}.Debug|Any CPU.ActiveCfg = Debug|Any CPU
		{165C6E54-3B6A-4765-A3CD-9D04019FB6FF}.Debug|Any CPU.Build.0 = Debug|Any CPU
		{165C6E54-3B6A-4765-A3CD-9D04019FB6FF}.Release|Any CPU.ActiveCfg = Release|Any CPU
		{165C6E54-3B6A-4765-A3CD-9D04019FB6FF}.Release|Any CPU.Build.0 = Release|Any CPU
		{9205A950-1CE4-47CD-BDFF-82C4722F1156}.Debug|Any CPU.ActiveCfg = Debug|Any CPU
		{9205A950-1CE4-47CD-BDFF-82C4722F1156}.Debug|Any CPU.Build.0 = Debug|Any CPU
		{9205A950-1CE4-47CD-BDFF-82C4722F1156}.Release|Any CPU.ActiveCfg = Release|Any CPU
		{9205A950-1CE4-47CD-BDFF-82C4722F1156}.Release|Any CPU.Build.0 = Release|Any CPU
		{C512B15C-6B5C-467F-9D5F-D30FDDC310E0}.Debug|Any CPU.ActiveCfg = Debug|Any CPU
		{C512B15C-6B5C-467F-9D5F-D30FDDC310E0}.Debug|Any CPU.Build.0 = Debug|Any CPU
		{C512B15C-6B5C-467F-9D5F-D30FDDC310E0}.Release|Any CPU.ActiveCfg = Release|Any CPU
		{C512B15C-6B5C-467F-9D5F-D30FDDC310E0}.Release|Any CPU.Build.0 = Release|Any CPU
		{8C55B0B6-B613-40B7-9A83-CCD3E02EC0EB}.Debug|Any CPU.ActiveCfg = Debug|Any CPU
		{8C55B0B6-B613-40B7-9A83-CCD3E02EC0EB}.Debug|Any CPU.Build.0 = Debug|Any CPU
		{8C55B0B6-B613-40B7-9A83-CCD3E02EC0EB}.Release|Any CPU.ActiveCfg = Release|Any CPU
		{8C55B0B6-B613-40B7-9A83-CCD3E02EC0EB}.Release|Any CPU.Build.0 = Release|Any CPU
		{A827A8C0-D458-482E-933C-F6A1AA5F72F2}.Debug|Any CPU.ActiveCfg = Debug|Any CPU
		{A827A8C0-D458-482E-933C-F6A1AA5F72F2}.Debug|Any CPU.Build.0 = Debug|Any CPU
		{A827A8C0-D458-482E-933C-F6A1AA5F72F2}.Release|Any CPU.ActiveCfg = Release|Any CPU
		{A827A8C0-D458-482E-933C-F6A1AA5F72F2}.Release|Any CPU.Build.0 = Release|Any CPU
		{155AE9FF-1237-4177-9210-EBBBA54C06D1}.Debug|Any CPU.ActiveCfg = Debug|Any CPU
		{155AE9FF-1237-4177-9210-EBBBA54C06D1}.Debug|Any CPU.Build.0 = Debug|Any CPU
		{155AE9FF-1237-4177-9210-EBBBA54C06D1}.Release|Any CPU.ActiveCfg = Release|Any CPU
		{155AE9FF-1237-4177-9210-EBBBA54C06D1}.Release|Any CPU.Build.0 = Release|Any CPU
		{6EFA33E2-1717-407E-9B93-BF1738306FA0}.Debug|Any CPU.ActiveCfg = Debug|Any CPU
		{6EFA33E2-1717-407E-9B93-BF1738306FA0}.Debug|Any CPU.Build.0 = Debug|Any CPU
		{6EFA33E2-1717-407E-9B93-BF1738306FA0}.Release|Any CPU.ActiveCfg = Release|Any CPU
		{6EFA33E2-1717-407E-9B93-BF1738306FA0}.Release|Any CPU.Build.0 = Release|Any CPU
		{57F41024-303F-4EF1-87D8-44237BF56180}.Debug|Any CPU.ActiveCfg = Debug|Any CPU
		{57F41024-303F-4EF1-87D8-44237BF56180}.Debug|Any CPU.Build.0 = Debug|Any CPU
		{57F41024-303F-4EF1-87D8-44237BF56180}.Release|Any CPU.ActiveCfg = Release|Any CPU
		{57F41024-303F-4EF1-87D8-44237BF56180}.Release|Any CPU.Build.0 = Release|Any CPU
		{E88A1BDF-7DEA-42FF-93AD-F452443EA557}.Debug|Any CPU.ActiveCfg = Debug|Any CPU
		{E88A1BDF-7DEA-42FF-93AD-F452443EA557}.Debug|Any CPU.Build.0 = Debug|Any CPU
		{E88A1BDF-7DEA-42FF-93AD-F452443EA557}.Release|Any CPU.ActiveCfg = Release|Any CPU
		{E88A1BDF-7DEA-42FF-93AD-F452443EA557}.Release|Any CPU.Build.0 = Release|Any CPU
		{0498E135-06C9-484F-A712-4F9ADEF351C2}.Debug|Any CPU.ActiveCfg = Debug|Any CPU
		{0498E135-06C9-484F-A712-4F9ADEF351C2}.Debug|Any CPU.Build.0 = Debug|Any CPU
		{0498E135-06C9-484F-A712-4F9ADEF351C2}.Release|Any CPU.ActiveCfg = Release|Any CPU
		{0498E135-06C9-484F-A712-4F9ADEF351C2}.Release|Any CPU.Build.0 = Release|Any CPU
		{02F263B3-BAB0-4CF3-B5FB-12078BEE64C5}.Debug|Any CPU.ActiveCfg = Debug|Any CPU
		{02F263B3-BAB0-4CF3-B5FB-12078BEE64C5}.Debug|Any CPU.Build.0 = Debug|Any CPU
		{02F263B3-BAB0-4CF3-B5FB-12078BEE64C5}.Release|Any CPU.ActiveCfg = Release|Any CPU
		{02F263B3-BAB0-4CF3-B5FB-12078BEE64C5}.Release|Any CPU.Build.0 = Release|Any CPU
	EndGlobalSection
	GlobalSection(SolutionProperties) = preSolution
		HideSolutionNode = FALSE
	EndGlobalSection
	GlobalSection(NestedProjects) = preSolution
		{BDF440C1-3B39-49CA-94E2-D5A070ECFF32} = {0D40CA57-EECB-4F16-A1C5-20BDE840C7EA}
		{5E668E8B-15E0-4443-9102-0A86A97A550F} = {0D40CA57-EECB-4F16-A1C5-20BDE840C7EA}
		{C45CC2E0-ED08-47DE-B8C0-D899B1030333} = {DB69E0CD-EEBD-4D47-9FA2-177C14CE1206}
		{42B8CA03-75CC-4AF7-8B12-B3AD1687ABA4} = {DB69E0CD-EEBD-4D47-9FA2-177C14CE1206}
		{FBFC8ED5-1392-457E-9B72-D30F8C1422FC} = {DB69E0CD-EEBD-4D47-9FA2-177C14CE1206}
		{3D7AA91B-C902-447B-AE89-B7E998AD2C59} = {DB69E0CD-EEBD-4D47-9FA2-177C14CE1206}
		{0F7B3A77-EB19-4E47-BC2E-BF57989AD71C} = {B1AA6DFE-5764-4833-A848-C64329EFDD58}
		{165C6E54-3B6A-4765-A3CD-9D04019FB6FF} = {B1AA6DFE-5764-4833-A848-C64329EFDD58}
		{9205A950-1CE4-47CD-BDFF-82C4722F1156} = {B1AA6DFE-5764-4833-A848-C64329EFDD58}
		{C512B15C-6B5C-467F-9D5F-D30FDDC310E0} = {B1AA6DFE-5764-4833-A848-C64329EFDD58}
		{8C55B0B6-B613-40B7-9A83-CCD3E02EC0EB} = {B1AA6DFE-5764-4833-A848-C64329EFDD58}
		{A827A8C0-D458-482E-933C-F6A1AA5F72F2} = {B1AA6DFE-5764-4833-A848-C64329EFDD58}
		{155AE9FF-1237-4177-9210-EBBBA54C06D1} = {B1AA6DFE-5764-4833-A848-C64329EFDD58}
		{6EFA33E2-1717-407E-9B93-BF1738306FA0} = {EAE4627D-602D-4F0C-8C3C-7CA30B95DBF8}
		{57F41024-303F-4EF1-87D8-44237BF56180} = {92FB85BE-BF90-4F2B-8466-E7FE213B56AE}
		{E88A1BDF-7DEA-42FF-93AD-F452443EA557} = {92FB85BE-BF90-4F2B-8466-E7FE213B56AE}
		{0498E135-06C9-484F-A712-4F9ADEF351C2} = {92FB85BE-BF90-4F2B-8466-E7FE213B56AE}
		{02F263B3-BAB0-4CF3-B5FB-12078BEE64C5} = {92FB85BE-BF90-4F2B-8466-E7FE213B56AE}
	EndGlobalSection
	GlobalSection(ExtensibilityGlobals) = postSolution
		SolutionGuid = {78FB95EE-DA9B-4673-BB7B-72A87D754191}
	EndGlobalSection
EndGlobal
